
Microsoft Visual Studio Solution File, Format Version 12.00
# Visual Studio Version 17
VisualStudioVersion = 17.14.36623.8 d17.14
MinimumVisualStudioVersion = 10.0.40219.1
Project("{FAE04EC0-301F-11D3-BF4B-00C04F79EFBC}") = "petlife", "petlife\petlife.csproj", "{F77E8553-8FFC-4629-A55A-5582B64C0BED}"
EndProject
Global
	GlobalSection(SolutionConfigurationPlatforms) = preSolution
		Debug|Any CPU = Debug|Any CPU
		Release|Any CPU = Release|Any CPU
	EndGlobalSection
	GlobalSection(ProjectConfigurationPlatforms) = postSolution
		{F77E8553-8FFC-4629-A55A-5582B64C0BED}.Debug|Any CPU.ActiveCfg = Debug|Any CPU
		{F77E8553-8FFC-4629-A55A-5582B64C0BED}.Debug|Any CPU.Build.0 = Debug|Any CPU
		{F77E8553-8FFC-4629-A55A-5582B64C0BED}.Release|Any CPU.ActiveCfg = Release|Any CPU
		{F77E8553-8FFC-4629-A55A-5582B64C0BED}.Release|Any CPU.Build.0 = Release|Any CPU
	EndGlobalSection
	GlobalSection(SolutionProperties) = preSolution
		HideSolutionNode = FALSE
	EndGlobalSection
	GlobalSection(ExtensibilityGlobals) = postSolution
		SolutionGuid = {1CB3CAB3-7492-46AC-857F-FDE5C84EAC48}
	EndGlobalSection
EndGlobal
